
Microsoft Visual Studio Solution File, Format Version 12.00
# Visual Studio Version 17
VisualStudioVersion = 17.14.36414.22
MinimumVisualStudioVersion = 10.0.40219.1
Project("{FAE04EC0-301F-11D3-BF4B-00C04F79EFBC}") = "AddressBook.API", "AddressBook.API\AddressBook.API.csproj", "{33297823-E00B-4055-81E8-26069FDCFA6A}"
EndProject
Project("{FAE04EC0-301F-11D3-BF4B-00C04F79EFBC}") = "AddressBook.BLL", "AddressBook.BLL\AddressBook.BLL.csproj", "{78EFD0B5-0A4F-4EDE-9AEE-645EDCBA787C}"
EndProject
Project("{FAE04EC0-301F-11D3-BF4B-00C04F79EFBC}") = "AddressBook.DAL", "AddressBook.DAL\AddressBook.DAL.csproj", "{69E9DC96-3E90-4C60-845C-8E7085108779}"
EndProject
Global
	GlobalSection(SolutionConfigurationPlatforms) = preSolution
		Debug|Any CPU = Debug|Any CPU
		Release|Any CPU = Release|Any CPU
	EndGlobalSection
	GlobalSection(ProjectConfigurationPlatforms) = postSolution
		{33297823-E00B-4055-81E8-26069FDCFA6A}.Debug|Any CPU.ActiveCfg = Debug|Any CPU
		{33297823-E00B-4055-81E8-26069FDCFA6A}.Debug|Any CPU.Build.0 = Debug|Any CPU
		{33297823-E00B-4055-81E8-26069FDCFA6A}.Release|Any CPU.ActiveCfg = Release|Any CPU
		{33297823-E00B-4055-81E8-26069FDCFA6A}.Release|Any CPU.Build.0 = Release|Any CPU
		{78EFD0B5-0A4F-4EDE-9AEE-645EDCBA787C}.Debug|Any CPU.ActiveCfg = Debug|Any CPU
		{78EFD0B5-0A4F-4EDE-9AEE-645EDCBA787C}.Debug|Any CPU.Build.0 = Debug|Any CPU
		{78EFD0B5-0A4F-4EDE-9AEE-645EDCBA787C}.Release|Any CPU.ActiveCfg = Release|Any CPU
		{78EFD0B5-0A4F-4EDE-9AEE-645EDCBA787C}.Release|Any CPU.Build.0 = Release|Any CPU
		{69E9DC96-3E90-4C60-845C-8E7085108779}.Debug|Any CPU.ActiveCfg = Debug|Any CPU
		{69E9DC96-3E90-4C60-845C-8E7085108779}.Debug|Any CPU.Build.0 = Debug|Any CPU
		{69E9DC96-3E90-4C60-845C-8E7085108779}.Release|Any CPU.ActiveCfg = Release|Any CPU
		{69E9DC96-3E90-4C60-845C-8E7085108779}.Release|Any CPU.Build.0 = Release|Any CPU
	EndGlobalSection
	GlobalSection(SolutionProperties) = preSolution
		HideSolutionNode = FALSE
	EndGlobalSection
	GlobalSection(ExtensibilityGlobals) = postSolution
		SolutionGuid = {75CAEE5C-F922-4E3B-AE08-CD4F371267C1}
	EndGlobalSection
EndGlobal
